IMAGE_CUDA_AMD64_REF=docker://ghcr.io/prebenness/dr-clankenstein-runtime-v2@sha256:1102014e8c8c65338cdfed1dc43e66017fb9305b00f92e57c6272e637a905fee
IMAGE_CUDA_ARM64_REF=
IMAGE_ROCM_AMD64_REF=
ROCM_VERSION=6.2.4
ROCM_BASE_IMAGE=docker.io/rocm/dev-ubuntu-22.04:6.2.4@sha256:030304ab0a88778b627b2eb2354c419146e105f5ac39ffd9c2438c82ef54b584
PYTORCH_ROCM_VERSION=2.6.0
PYTHON_PIP_VERSION=26.2
OPENCLAW_RELEASE=v2026.7.1-2
OPENCLAW_VERSION=2026.7.1
OPENCLAW_COMMIT=0790d9f593ad30c940ed93b5872a8cf6d6f3cf8c
